
Microsoft Visual Studio Solution File, Format Version 12.00
# Visual Studio 15
VisualStudioVersion = 15.0.28010.2046
MinimumVisualStudioVersion = 10.0.40219.1
Project("{9092AA53-FB77-4645-B42D-1CCCA6BD08BD}") = "MojaStronaTTSI", "MojaStronaTTSI\MojaStronaTTSI.njsproj", "{9DBEB1AE-759F-4A01-B014-64D93E350B04}"
EndProject
Global
	GlobalSection(SolutionConfigurationPlatforms) = preSolution
		Debug|Any CPU = Debug|Any CPU
		Release|Any CPU = Release|Any CPU
	EndGlobalSection
	GlobalSection(ProjectConfigurationPlatforms) = postSolution
		{9DBEB1AE-759F-4A01-B014-64D93E350B04}.Debug|Any CPU.ActiveCfg = Debug|Any CPU
		{9DBEB1AE-759F-4A01-B014-64D93E350B04}.Debug|Any CPU.Build.0 = Debug|Any CPU
		{9DBEB1AE-759F-4A01-B014-64D93E350B04}.Release|Any CPU.ActiveCfg = Release|Any CPU
		{9DBEB1AE-759F-4A01-B014-64D93E350B04}.Release|Any CPU.Build.0 = Release|Any CPU
	EndGlobalSection
	GlobalSection(SolutionProperties) = preSolution
		HideSolutionNode = FALSE
	EndGlobalSection
	GlobalSection(ExtensibilityGlobals) = postSolution
		SolutionGuid = {19969AE5-5CAB-4983-85F9-587E9022C1D6}
	EndGlobalSection
EndGlobal
